// !$*UTF8*$!
{
	archiveVersion = 1;
	classes = {
	};
	objectVersion = 46;
	objects = {

/* Begin PBXBuildFile section */
		196D3CE7D367730BB571CDBE /* libPods.a in Frameworks */ = {isa = PBXBuildFile; fileRef = 32093DB50556684CEB3E5F31 /* libPods.a */; };
		7073C8931A9287AD004805E3 /* Brandon_bld.otf in Resources */ = {isa = PBXBuildFile; fileRef = 7073C88E1A9287AD004805E3 /* Brandon_bld.otf */; };
		7073C8941A9287AD004805E3 /* Brandon_blk.otf in Resources */ = {isa = PBXBuildFile; fileRef = 7073C88F1A9287AD004805E3 /* Brandon_blk.otf */; };
		7073C8951A9287AD004805E3 /* Brandon_light.otf in Resources */ = {isa = PBXBuildFile; fileRef = 7073C8901A9287AD004805E3 /* Brandon_light.otf */; };
		7073C8961A9287AD004805E3 /* Brandon_med.otf in Resources */ = {isa = PBXBuildFile; fileRef = 7073C8911A9287AD004805E3 /* Brandon_med.otf */; };
		7073C8971A9287AD004805E3 /* Brandon_reg.otf in Resources */ = {isa = PBXBuildFile; fileRef = 7073C8921A9287AD004805E3 /* Brandon_reg.otf */; };
		709D31741A6A399400892038 /* main.m in Sources */ = {isa = PBXBuildFile; fileRef = 709D31731A6A399400892038 /* main.m */; };
		709D31771A6A399400892038 /* AppDelegate.m in Sources */ = {isa = PBXBuildFile; fileRef = 709D31761A6A399400892038 /* AppDelegate.m */; };
		709D317A1A6A399400892038 /* ViewController.m in Sources */ = {isa = PBXBuildFile; fileRef = 709D31791A6A399400892038 /* ViewController.m */; };
		709D317D1A6A399400892038 /* Main.storyboard in Resources */ = {isa = PBXBuildFile; fileRef = 709D317B1A6A399400892038 /* Main.storyboard */; };
		709D317F1A6A399400892038 /* Images.xcassets in Resources */ = {isa = PBXBuildFile; fileRef = 709D317E1A6A399400892038 /* Images.xcassets */; };
		709D31821A6A399400892038 /* LaunchScreen.xib in Resources */ = {isa = PBXBuildFile; fileRef = 709D31801A6A399400892038 /* LaunchScreen.xib */; };
		709D318E1A6A399400892038 /* Authentic_HoroscopeTests.m in Sources */ = {isa = PBXBuildFile; fileRef = 709D318D1A6A399400892038 /* Authentic_HoroscopeTests.m */; };
		709D319F1A6B1D3100892038 /* Horoscope.m in Sources */ = {isa = PBXBuildFile; fileRef = 709D319E1A6B1D3100892038 /* Horoscope.m */; };
		709D31A51A6B5B6200892038 /* XMLParser.m in Sources */ = {isa = PBXBuildFile; fileRef = 709D31A41A6B5B6200892038 /* XMLParser.m */; };
		709D31AB1A6D7DAA00892038 /* SettingsViewController.m in Sources */ = {isa = PBXBuildFile; fileRef = 709D31AA1A6D7DA900892038 /* SettingsViewController.m */; };
		709D31AE1A6D7E0600892038 /* LandingViewController.m in Sources */ = {isa = PBXBuildFile; fileRef = 709D31AD1A6D7E0600892038 /* LandingViewController.m */; };
		709D31B11A6D7E1200892038 /* CameraViewController.m in Sources */ = {isa = PBXBuildFile; fileRef = 709D31B01A6D7E1200892038 /* CameraViewController.m */; };
		709D31BA1A6E29FE00892038 /* HoroscopeApi.m in Sources */ = {isa = PBXBuildFile; fileRef = 709D31B91A6E29FE00892038 /* HoroscopeApi.m */; };
		70E82D701A8DA99B00E73F54 /* AVCamPreviewView.m in Sources */ = {isa = PBXBuildFile; fileRef = 70E82D6F1A8DA99B00E73F54 /* AVCamPreviewView.m */; };
		70E82D731A8DA9D400E73F54 /* AVCamViewController.m in Sources */ = {isa = PBXBuildFile; fileRef = 70E82D721A8DA9D400E73F54 /* AVCamViewController.m */; };
/* End PBXBuildFile section */

/* Begin PBXContainerItemProxy section */
		709D31881A6A399400892038 /* PBXContainerItemProxy */ = {
			isa = PBXContainerItemProxy;
			containerPortal = 709D31661A6A399400892038 /* Project object */;
			proxyType = 1;
			remoteGlobalIDString = 709D316D1A6A399400892038;
			remoteInfo = "Authentic Horoscope";
		};
/* End PBXContainerItemProxy section */

/* Begin PBXFileReference section */
		32093DB50556684CEB3E5F31 /* libPods.a */ = {isa = PBXFileReference; explicitFileType = archive.ar; includeInIndex = 0; path = libPods.a; sourceTree = BUILT_PRODUCTS_DIR; };
		7073C88E1A9287AD004805E3 /* Brandon_bld.otf */ = {isa = PBXFileReference; lastKnownFileType = file; path = Brandon_bld.otf; sourceTree = "<group>"; };
		7073C88F1A9287AD004805E3 /* Brandon_blk.otf */ = {isa = PBXFileReference; lastKnownFileType = file; path = Brandon_blk.otf; sourceTree = "<group>"; };
		7073C8901A9287AD004805E3 /* Brandon_light.otf */ = {isa = PBXFileReference; lastKnownFileType = file; path = Brandon_light.otf; sourceTree = "<group>"; };
		7073C8911A9287AD004805E3 /* Brandon_med.otf */ = {isa = PBXFileReference; lastKnownFileType = file; path = Brandon_med.otf; sourceTree = "<group>"; };
		7073C8921A9287AD004805E3 /* Brandon_reg.otf */ = {isa = PBXFileReference; lastKnownFileType = file; path = Brandon_reg.otf; sourceTree = "<group>"; };
		709D316E1A6A399400892038 /* Authentic Horoscope.app */ = {isa = PBXFileReference; explicitFileType = wrapper.application; includeInIndex = 0; path = "Authentic Horoscope.app"; sourceTree = BUILT_PRODUCTS_DIR; };
		709D31721A6A399400892038 /* Info.plist */ = {isa = PBXFileReference; lastKnownFileType = text.plist.xml; path = Info.plist; sourceTree = "<group>"; };
		709D31731A6A399400892038 /* main.m */ = {isa = PBXFileReference; lastKnownFileType = sourcecode.c.objc; path = main.m; sourceTree = "<group>"; };
		709D31751A6A399400892038 /* AppDelegate.h */ = {isa = PBXFileReference; lastKnownFileType = sourcecode.c.h; path = AppDelegate.h; sourceTree = "<group>"; };
		709D31761A6A399400892038 /* AppDelegate.m */ = {isa = PBXFileReference; lastKnownFileType = sourcecode.c.objc; path = AppDelegate.m; sourceTree = "<group>"; };
		709D31781A6A399400892038 /* ViewController.h */ = {isa = PBXFileReference; lastKnownFileType = sourcecode.c.h; path = ViewController.h; sourceTree = "<group>"; };
		709D31791A6A399400892038 /* ViewController.m */ = {isa = PBXFileReference; lastKnownFileType = sourcecode.c.objc; lineEnding = 0; path = ViewController.m; sourceTree = "<group>"; xcLanguageSpecificationIdentifier = xcode.lang.objc; };
		709D317C1A6A399400892038 /* Base */ = {isa = PBXFileReference; lastKnownFileType = file.storyboard; name = Base; path = Base.lproj/Main.storyboard; sourceTree = "<group>"; };
		709D317E1A6A399400892038 /* Images.xcassets */ = {isa = PBXFileReference; lastKnownFileType = folder.assetcatalog; path = Images.xcassets; sourceTree = "<group>"; };
		709D31811A6A399400892038 /* Base */ = {isa = PBXFileReference; lastKnownFileType = file.xib; name = Base; path = Base.lproj/LaunchScreen.xib; sourceTree = "<group>"; };
		709D31871A6A399400892038 /* Authentic HoroscopeTests.xctest */ = {isa = PBXFileReference; explicitFileType = wrapper.cfbundle; includeInIndex = 0; path = "Authentic HoroscopeTests.xctest"; sourceTree = BUILT_PRODUCTS_DIR; };
		709D318C1A6A399400892038 /* Info.plist */ = {isa = PBXFileReference; lastKnownFileType = text.plist.xml; path = Info.plist; sourceTree = "<group>"; };
		709D318D1A6A399400892038 /* Authentic_HoroscopeTests.m */ = {isa = PBXFileReference; lastKnownFileType = sourcecode.c.objc; path = Authentic_HoroscopeTests.m; sourceTree = "<group>"; };
		709D319D1A6B1D3000892038 /* Horoscope.h */ = {isa = PBXFileReference; fileEncoding = 4; lastKnownFileType = sourcecode.c.h; path = Horoscope.h; sourceTree = "<group>"; };
		709D319E1A6B1D3100892038 /* Horoscope.m */ = {isa = PBXFileReference; fileEncoding = 4; lastKnownFileType = sourcecode.c.objc; path = Horoscope.m; sourceTree = "<group>"; };
		709D31A21A6B327500892038 /* Podfile */ = {isa = PBXFileReference; lastKnownFileType = text; path = Podfile; sourceTree = "<group>"; };
		709D31A31A6B5B6200892038 /* XMLParser.h */ = {isa = PBXFileReference; fileEncoding = 4; lastKnownFileType = sourcecode.c.h; path = XMLParser.h; sourceTree = "<group>"; };
		709D31A41A6B5B6200892038 /* XMLParser.m */ = {isa = PBXFileReference; fileEncoding = 4; lastKnownFileType = sourcecode.c.objc; path = XMLParser.m; sourceTree = "<group>"; };
		709D31A91A6D7DA900892038 /* SettingsViewController.h */ = {isa = PBXFileReference; fileEncoding = 4; lastKnownFileType = sourcecode.c.h; path = SettingsViewController.h; sourceTree = "<group>"; };
		709D31AA1A6D7DA900892038 /* SettingsViewController.m */ = {isa = PBXFileReference; fileEncoding = 4; lastKnownFileType = sourcecode.c.objc; path = SettingsViewController.m; sourceTree = "<group>"; };
		709D31AC1A6D7E0600892038 /* LandingViewController.h */ = {isa = PBXFileReference; fileEncoding = 4; lastKnownFileType = sourcecode.c.h; path = LandingViewController.h; sourceTree = "<group>"; };
		709D31AD1A6D7E0600892038 /* LandingViewController.m */ = {isa = PBXFileReference; fileEncoding = 4; lastKnownFileType = sourcecode.c.objc; path = LandingViewController.m; sourceTree = "<group>"; };
		709D31AF1A6D7E1200892038 /* CameraViewController.h */ = {isa = PBXFileReference; fileEncoding = 4; lastKnownFileType = sourcecode.c.h; path = CameraViewController.h; sourceTree = "<group>"; };
		709D31B01A6D7E1200892038 /* CameraViewController.m */ = {isa = PBXFileReference; fileEncoding = 4; lastKnownFileType = sourcecode.c.objc; path = CameraViewController.m; sourceTree = "<group>"; };
		709D31B81A6E29FE00892038 /* HoroscopeApi.h */ = {isa = PBXFileReference; fileEncoding = 4; lastKnownFileType = sourcecode.c.h; path = HoroscopeApi.h; sourceTree = "<group>"; };
		709D31B91A6E29FE00892038 /* HoroscopeApi.m */ = {isa = PBXFileReference; fileEncoding = 4; lastKnownFileType = sourcecode.c.objc; path = HoroscopeApi.m; sourceTree = "<group>"; };
		70E82D6E1A8DA99B00E73F54 /* AVCamPreviewView.h */ = {isa = PBXFileReference; fileEncoding = 4; lastKnownFileType = sourcecode.c.h; path = AVCamPreviewView.h; sourceTree = "<group>"; };
		70E82D6F1A8DA99B00E73F54 /* AVCamPreviewView.m */ = {isa = PBXFileReference; fileEncoding = 4; lastKnownFileType = sourcecode.c.objc; path = AVCamPreviewView.m; sourceTree = "<group>"; };
		70E82D711A8DA9D400E73F54 /* AVCamViewController.h */ = {isa = PBXFileReference; fileEncoding = 4; lastKnownFileType = sourcecode.c.h; path = AVCamViewController.h; sourceTree = "<group>"; };
		70E82D721A8DA9D400E73F54 /* AVCamViewController.m */ = {isa = PBXFileReference; fileEncoding = 4; lastKnownFileType = sourcecode.c.objc; path = AVCamViewController.m; sourceTree = "<group>"; };
		E2D09D33B2208B74F547F85C /* Pods.debug.xcconfig */ = {isa = PBXFileReference; includeInIndex = 1; lastKnownFileType = text.xcconfig; name = Pods.debug.xcconfig; path = "Pods/Target Support Files/Pods/Pods.debug.xcconfig"; sourceTree = "<group>"; };
		F0FE3F981EB21B6C69670D13 /* Pods.release.xcconfig */ = {isa = PBXFileReference; includeInIndex = 1; lastKnownFileType = text.xcconfig; name = Pods.release.xcconfig; path = "Pods/Target Support Files/Pods/Pods.release.xcconfig"; sourceTree = "<group>"; };
/* End PBXFileReference section */

/* Begin PBXFrameworksBuildPhase section */
		709D316B1A6A399400892038 /* Frameworks */ = {
			isa = PBXFrameworksBuildPhase;
			buildActionMask = 2147483647;
			files = (
				196D3CE7D367730BB571CDBE /* libPods.a in Frameworks */,
			);
			runOnlyForDeploymentPostprocessing = 0;
		};
		709D31841A6A399400892038 /* Frameworks */ = {
			isa = PBXFrameworksBuildPhase;
			buildActionMask = 2147483647;
			files = (
			);
			runOnlyForDeploymentPostprocessing = 0;
		};
/* End PBXFrameworksBuildPhase section */

/* Begin PBXGroup section */
		7073C88D1A928742004805E3 /* Fonts */ = {
			isa = PBXGroup;
			children = (
				7073C88E1A9287AD004805E3 /* Brandon_bld.otf */,
				7073C88F1A9287AD004805E3 /* Brandon_blk.otf */,
				7073C8901A9287AD004805E3 /* Brandon_light.otf */,
				7073C8911A9287AD004805E3 /* Brandon_med.otf */,
				7073C8921A9287AD004805E3 /* Brandon_reg.otf */,
			);
			name = Fonts;
			sourceTree = "<group>";
		};
		709D31651A6A399400892038 = {
			isa = PBXGroup;
			children = (
				709D31A21A6B327500892038 /* Podfile */,
				709D31701A6A399400892038 /* Authentic Horoscope */,
				709D318A1A6A399400892038 /* Authentic HoroscopeTests */,
				709D316F1A6A399400892038 /* Products */,
				FB93BEB555CB219A59F2FAA2 /* Frameworks */,
				B64234B65F6E85AB2494B4CD /* Pods */,
			);
			sourceTree = "<group>";
		};
		709D316F1A6A399400892038 /* Products */ = {
			isa = PBXGroup;
			children = (
				709D316E1A6A399400892038 /* Authentic Horoscope.app */,
				709D31871A6A399400892038 /* Authentic HoroscopeTests.xctest */,
			);
			name = Products;
			sourceTree = "<group>";
		};
		709D31701A6A399400892038 /* Authentic Horoscope */ = {
			isa = PBXGroup;
			children = (
				709D31751A6A399400892038 /* AppDelegate.h */,
				709D31761A6A399400892038 /* AppDelegate.m */,
				709D31781A6A399400892038 /* ViewController.h */,
				709D31791A6A399400892038 /* ViewController.m */,
				709D31A31A6B5B6200892038 /* XMLParser.h */,
				709D31A41A6B5B6200892038 /* XMLParser.m */,
				709D319D1A6B1D3000892038 /* Horoscope.h */,
				709D319E1A6B1D3100892038 /* Horoscope.m */,
				709D31B81A6E29FE00892038 /* HoroscopeApi.h */,
				709D31B91A6E29FE00892038 /* HoroscopeApi.m */,
				709D317B1A6A399400892038 /* Main.storyboard */,
				70E82D6E1A8DA99B00E73F54 /* AVCamPreviewView.h */,
				70E82D6F1A8DA99B00E73F54 /* AVCamPreviewView.m */,
				70E82D711A8DA9D400E73F54 /* AVCamViewController.h */,
				70E82D721A8DA9D400E73F54 /* AVCamViewController.m */,
				709D31A91A6D7DA900892038 /* SettingsViewController.h */,
				709D31AA1A6D7DA900892038 /* SettingsViewController.m */,
				709D31AC1A6D7E0600892038 /* LandingViewController.h */,
				709D31AD1A6D7E0600892038 /* LandingViewController.m */,
				709D31AF1A6D7E1200892038 /* CameraViewController.h */,
				709D31B01A6D7E1200892038 /* CameraViewController.m */,
				7073C88D1A928742004805E3 /* Fonts */,
				709D317E1A6A399400892038 /* Images.xcassets */,
				709D31801A6A399400892038 /* LaunchScreen.xib */,
				709D31711A6A399400892038 /* Supporting Files */,
			);
			path = "Authentic Horoscope";
			sourceTree = "<group>";
		};
		709D31711A6A399400892038 /* Supporting Files */ = {
			isa = PBXGroup;
			children = (
				709D31721A6A399400892038 /* Info.plist */,
				709D31731A6A399400892038 /* main.m */,
			);
			name = "Supporting Files";
			sourceTree = "<group>";
		};
		709D318A1A6A399400892038 /* Authentic HoroscopeTests */ = {
			isa = PBXGroup;
			children = (
				709D318D1A6A399400892038 /* Authentic_HoroscopeTests.m */,
				709D318B1A6A399400892038 /* Supporting Files */,
			);
			path = "Authentic HoroscopeTests";
			sourceTree = "<group>";
		};
		709D318B1A6A399400892038 /* Supporting Files */ = {
			isa = PBXGroup;
			children = (
				709D318C1A6A399400892038 /* Info.plist */,
			);
			name = "Supporting Files";
			sourceTree = "<group>";
		};
		B64234B65F6E85AB2494B4CD /* Pods */ = {
			isa = PBXGroup;
			children = (
				E2D09D33B2208B74F547F85C /* Pods.debug.xcconfig */,
				F0FE3F981EB21B6C69670D13 /* Pods.release.xcconfig */,
			);
			name = Pods;
			sourceTree = "<group>";
		};
		FB93BEB555CB219A59F2FAA2 /* Frameworks */ = {
			isa = PBXGroup;
			children = (
				32093DB50556684CEB3E5F31 /* libPods.a */,
			);
			name = Frameworks;
			sourceTree = "<group>";
		};
/* End PBXGroup section */

/* Begin PBXNativeTarget section */
		709D316D1A6A399400892038 /* Authentic Horoscope */ = {
			isa = PBXNativeTarget;
			buildConfigurationList = 709D31911A6A399500892038 /* Build configuration list for PBXNativeTarget "Authentic Horoscope" */;
			buildPhases = (
				726867373E1BA89357738180 /* Check Pods Manifest.lock */,
				709D316A1A6A399400892038 /* Sources */,
				709D316B1A6A399400892038 /* Frameworks */,
				709D316C1A6A399400892038 /* Resources */,
				00702E3F66B1C46AB93BF909 /* Copy Pods Resources */,
			);
			buildRules = (
			);
			dependencies = (
			);
			name = "Authentic Horoscope";
			productName = "Authentic Horoscope";
			productReference = 709D316E1A6A399400892038 /* Authentic Horoscope.app */;
			productType = "com.apple.product-type.application";
		};
		709D31861A6A399400892038 /* Authentic HoroscopeTests */ = {
			isa = PBXNativeTarget;
			buildConfigurationList = 709D31941A6A399500892038 /* Build configuration list for PBXNativeTarget "Authentic HoroscopeTests" */;
			buildPhases = (
				709D31831A6A399400892038 /* Sources */,
				709D31841A6A399400892038 /* Frameworks */,
				709D31851A6A399400892038 /* Resources */,
			);
			buildRules = (
			);
			dependencies = (
				709D31891A6A399400892038 /* PBXTargetDependency */,
			);
			name = "Authentic HoroscopeTests";
			productName = "Authentic HoroscopeTests";
			productReference = 709D31871A6A399400892038 /* Authentic HoroscopeTests.xctest */;
			productType = "com.apple.product-type.bundle.unit-test";
		};
/* End PBXNativeTarget section */

/* Begin PBXProject section */
		709D31661A6A399400892038 /* Project object */ = {
			isa = PBXProject;
			attributes = {
				LastUpgradeCheck = 0610;
				ORGANIZATIONNAME = "Max Davila";
				TargetAttributes = {
					709D316D1A6A399400892038 = {
						CreatedOnToolsVersion = 6.1.1;
					};
					709D31861A6A399400892038 = {
						CreatedOnToolsVersion = 6.1.1;
						TestTargetID = 709D316D1A6A399400892038;
					};
				};
			};
			buildConfigurationList = 709D31691A6A399400892038 /* Build configuration list for PBXProject "Authentic Horoscope" */;
			compatibilityVersion = "Xcode 3.2";
			developmentRegion = English;
			hasScannedForEncodings = 0;
			knownRegions = (
				en,
				Base,
			);
			mainGroup = 709D31651A6A399400892038;
			productRefGroup = 709D316F1A6A399400892038 /* Products */;
			projectDirPath = "";
			projectRoot = "";
			targets = (
				709D316D1A6A399400892038 /* Authentic Horoscope */,
				709D31861A6A399400892038 /* Authentic HoroscopeTests */,
			);
		};
/* End PBXProject section */

/* Begin PBXResourcesBuildPhase section */
		709D316C1A6A399400892038 /* Resources */ = {
			isa = PBXResourcesBuildPhase;
			buildActionMask = 2147483647;
			files = (
				7073C8941A9287AD004805E3 /* Brandon_blk.otf in Resources */,
				7073C8951A9287AD004805E3 /* Brandon_light.otf in Resources */,
				709D317D1A6A399400892038 /* Main.storyboard in Resources */,
				709D31821A6A399400892038 /* LaunchScreen.xib in Resources */,
				709D317F1A6A399400892038 /* Images.xcassets in Resources */,
				7073C8961A9287AD004805E3 /* Brandon_med.otf in Resources */,
				7073C8931A9287AD004805E3 /* Brandon_bld.otf in Resources */,
				7073C8971A9287AD004805E3 /* Brandon_reg.otf in Resources */,
			);
			runOnlyForDeploymentPostprocessing = 0;
		};
		709D31851A6A399400892038 /* Resources */ = {
			isa = PBXResourcesBuildPhase;
			buildActionMask = 2147483647;
			files = (
			);
			runOnlyForDeploymentPostprocessing = 0;
		};
/* End PBXResourcesBuildPhase section */

/* Begin PBXShellScriptBuildPhase section */
		00702E3F66B1C46AB93BF909 /* Copy Pods Resources */ = {
			isa = PBXShellScriptBuildPhase;
			buildActionMask = 2147483647;
			files = (
			);
			inputPaths = (
			);
			name = "Copy Pods Resources";
			outputPaths = (
			);
			runOnlyForDeploymentPostprocessing = 0;
			shellPath = /bin/sh;
			shellScript = "\"${SRCROOT}/Pods/Target Support Files/Pods/Pods-resources.sh\"\n";
			showEnvVarsInLog = 0;
		};
		726867373E1BA89357738180 /* Check Pods Manifest.lock */ = {
			isa = PBXShellScriptBuildPhase;
			buildActionMask = 2147483647;
			files = (
			);
			inputPaths = (
			);
			name = "Check Pods Manifest.lock";
			outputPaths = (
			);
			runOnlyForDeploymentPostprocessing = 0;
			shellPath = /bin/sh;
			shellScript = "diff \"${PODS_ROOT}/../Podfile.lock\" \"${PODS_ROOT}/Manifest.lock\" > /dev/null\nif [[ $? != 0 ]] ; then\n    cat << EOM\nerror: The sandbox is not in sync with the Podfile.lock. Run 'pod install' or update your CocoaPods installation.\nEOM\n    exit 1\nfi\n";
			showEnvVarsInLog = 0;
		};
/* End PBXShellScriptBuildPhase section */

/* Begin PBXSourcesBuildPhase section */
		709D316A1A6A399400892038 /* Sources */ = {
			isa = PBXSourcesBuildPhase;
			buildActionMask = 2147483647;
			files = (
				709D31BA1A6E29FE00892038 /* HoroscopeApi.m in Sources */,
				709D319F1A6B1D3100892038 /* Horoscope.m in Sources */,
				709D317A1A6A399400892038 /* ViewController.m in Sources */,
				709D31771A6A399400892038 /* AppDelegate.m in Sources */,
				70E82D701A8DA99B00E73F54 /* AVCamPreviewView.m in Sources */,
				709D31A51A6B5B6200892038 /* XMLParser.m in Sources */,
				709D31741A6A399400892038 /* main.m in Sources */,
				70E82D731A8DA9D400E73F54 /* AVCamViewController.m in Sources */,
				709D31B11A6D7E1200892038 /* CameraViewController.m in Sources */,
				709D31AE1A6D7E0600892038 /* LandingViewController.m in Sources */,
				709D31AB1A6D7DAA00892038 /* SettingsViewController.m in Sources */,
			);
			runOnlyForDeploymentPostprocessing = 0;
		};
		709D31831A6A399400892038 /* Sources */ = {
			isa = PBXSourcesBuildPhase;
			buildActionMask = 2147483647;
			files = (
				709D318E1A6A399400892038 /* Authentic_HoroscopeTests.m in Sources */,
			);
			runOnlyForDeploymentPostprocessing = 0;
		};
/* End PBXSourcesBuildPhase section */

/* Begin PBXTargetDependency section */
		709D31891A6A399400892038 /* PBXTargetDependency */ = {
			isa = PBXTargetDependency;
			target = 709D316D1A6A399400892038 /* Authentic Horoscope */;
			targetProxy = 709D31881A6A399400892038 /* PBXContainerItemProxy */;
		};
/* End PBXTargetDependency section */

/* Begin PBXVariantGroup section */
		709D317B1A6A399400892038 /* Main.storyboard */ = {
			isa = PBXVariantGroup;
			children = (
				709D317C1A6A399400892038 /* Base */,
			);
			name = Main.storyboard;
			sourceTree = "<group>";
		};
		709D31801A6A399400892038 /* LaunchScreen.xib */ = {
			isa = PBXVariantGroup;
			children = (
				709D31811A6A399400892038 /* Base */,
			);
			name = LaunchScreen.xib;
			sourceTree = "<group>";
		};
/* End PBXVariantGroup section */

/* Begin XCBuildConfiguration section */
		709D318F1A6A399400892038 /* Debug */ = {
			isa = XCBuildConfiguration;
			buildSettings = {
				ALWAYS_SEARCH_USER_PATHS = NO;
				CLANG_CXX_LANGUAGE_STANDARD = "gnu++0x";
				CLANG_CXX_LIBRARY = "libc++";
				CLANG_ENABLE_MODULES = YES;
				CLANG_ENABLE_OBJC_ARC = YES;
				CLANG_WARN_BOOL_CONVERSION = YES;
				CLANG_WARN_CONSTANT_CONVERSION = YES;
				CLANG_WARN_DIRECT_OBJC_ISA_USAGE = YES_ERROR;
				CLANG_WARN_EMPTY_BODY = YES;
				CLANG_WARN_ENUM_CONVERSION = YES;
				CLANG_WARN_INT_CONVERSION = YES;
				CLANG_WARN_OBJC_ROOT_CLASS = YES_ERROR;
				CLANG_WARN_UNREACHABLE_CODE = YES;
				CLANG_WARN__DUPLICATE_METHOD_MATCH = YES;
				"CODE_SIGN_IDENTITY[sdk=iphoneos*]" = "iPhone Developer";
				COPY_PHASE_STRIP = NO;
				ENABLE_STRICT_OBJC_MSGSEND = YES;
				GCC_C_LANGUAGE_STANDARD = gnu99;
				GCC_DYNAMIC_NO_PIC = NO;
				GCC_OPTIMIZATION_LEVEL = 0;
				GCC_PREPROCESSOR_DEFINITIONS = (
					"DEBUG=1",
					"$(inherited)",
				);
				GCC_SYMBOLS_PRIVATE_EXTERN = NO;
				GCC_WARN_64_TO_32_BIT_CONVERSION = YES;
				GCC_WARN_ABOUT_RETURN_TYPE = YES_ERROR;
				GCC_WARN_UNDECLARED_SELECTOR = YES;
				GCC_WARN_UNINITIALIZED_AUTOS = YES_AGGRESSIVE;
				GCC_WARN_UNUSED_FUNCTION = YES;
				GCC_WARN_UNUSED_VARIABLE = YES;
				IPHONEOS_DEPLOYMENT_TARGET = 8.1;
				MTL_ENABLE_DEBUG_INFO = YES;
				ONLY_ACTIVE_ARCH = YES;
				SDKROOT = iphoneos;
			};
			name = Debug;
		};
		709D31901A6A399400892038 /* Release */ = {
			isa = XCBuildConfiguration;
			buildSettings = {
				ALWAYS_SEARCH_USER_PATHS = NO;
				CLANG_CXX_LANGUAGE_STANDARD = "gnu++0x";
				CLANG_CXX_LIBRARY = "libc++";
				CLANG_ENABLE_MODULES = YES;
				CLANG_ENABLE_OBJC_ARC = YES;
				CLANG_WARN_BOOL_CONVERSION = YES;
				CLANG_WARN_CONSTANT_CONVERSION = YES;
				CLANG_WARN_DIRECT_OBJC_ISA_USAGE = YES_ERROR;
				CLANG_WARN_EMPTY_BODY = YES;
				CLANG_WARN_ENUM_CONVERSION = YES;
				CLANG_WARN_INT_CONVERSION = YES;
				CLANG_WARN_OBJC_ROOT_CLASS = YES_ERROR;
				CLANG_WARN_UNREACHABLE_CODE = YES;
				CLANG_WARN__DUPLICATE_METHOD_MATCH = YES;
				"CODE_SIGN_IDENTITY[sdk=iphoneos*]" = "iPhone Developer";
				COPY_PHASE_STRIP = YES;
				ENABLE_NS_ASSERTIONS = NO;
				ENABLE_STRICT_OBJC_MSGSEND = YES;
				GCC_C_LANGUAGE_STANDARD = gnu99;
				GCC_WARN_64_TO_32_BIT_CONVERSION = YES;
				GCC_WARN_ABOUT_RETURN_TYPE = YES_ERROR;
				GCC_WARN_UNDECLARED_SELECTOR = YES;
				GCC_WARN_UNINITIALIZED_AUTOS = YES_AGGRESSIVE;
				GCC_WARN_UNUSED_FUNCTION = YES;
				GCC_WARN_UNUSED_VARIABLE = YES;
				IPHONEOS_DEPLOYMENT_TARGET = 8.1;
				MTL_ENABLE_DEBUG_INFO = NO;
				SDKROOT = iphoneos;
				VALIDATE_PRODUCT = YES;
			};
			name = Release;
		};
		709D31921A6A399500892038 /* Debug */ = {
			isa = XCBuildConfiguration;
			baseConfigurationReference = E2D09D33B2208B74F547F85C /* Pods.debug.xcconfig */;
			buildSettings = {
				ASSETCATALOG_COMPILER_APPICON_NAME = AppIcon;
				INFOPLIST_FILE = "Authentic Horoscope/Info.plist";
				LD_RUNPATH_SEARCH_PATHS = "$(inherited) @executable_path/Frameworks";
				PRODUCT_NAME = "$(TARGET_NAME)";
			};
			name = Debug;
		};
		709D31931A6A399500892038 /* Release */ = {
			isa = XCBuildConfiguration;
			baseConfigurationReference = F0FE3F981EB21B6C69670D13 /* Pods.release.xcconfig */;
			buildSettings = {
				ASSETCATALOG_COMPILER_APPICON_NAME = AppIcon;
				INFOPLIST_FILE = "Authentic Horoscope/Info.plist";
				LD_RUNPATH_SEARCH_PATHS = "$(inherited) @executable_path/Frameworks";
				PRODUCT_NAME = "$(TARGET_NAME)";
			};
			name = Release;
		};
		709D31951A6A399500892038 /* Debug */ = {
			isa = XCBuildConfiguration;
			buildSettings = {
				BUNDLE_LOADER = "$(TEST_HOST)";
				FRAMEWORK_SEARCH_PATHS = (
					"$(SDKROOT)/Developer/Library/Frameworks",
					"$(inherited)",
				);
				GCC_PREPROCESSOR_DEFINITIONS = (
					"DEBUG=1",
					"$(inherited)",
				);
				INFOPLIST_FILE = "Authentic HoroscopeTests/Info.plist";
				LD_RUNPATH_SEARCH_PATHS = "$(inherited) @executable_path/Frameworks @loader_path/Frameworks";
				PRODUCT_NAME = "$(TARGET_NAME)";
				TEST_HOST = "$(BUILT_PRODUCTS_DIR)/Authentic Horoscope.app/Authentic Horoscope";
			};
			name = Debug;
		};
		709D31961A6A399500892038 /* Release */ = {
			isa = XCBuildConfiguration;
			buildSettings = {
				BUNDLE_LOADER = "$(TEST_HOST)";
				FRAMEWORK_SEARCH_PATHS = (
					"$(SDKROOT)/Developer/Library/Frameworks",
					"$(inherited)",
				);
				INFOPLIST_FILE = "Authentic HoroscopeTests/Info.plist";
				LD_RUNPATH_SEARCH_PATHS = "$(inherited) @executable_path/Frameworks @loader_path/Frameworks";
				PRODUCT_NAME = "$(TARGET_NAME)";
				TEST_HOST = "$(BUILT_PRODUCTS_DIR)/Authentic Horoscope.app/Authentic Horoscope";
			};
			name = Release;
		};
/* End XCBuildConfiguration section */

/* Begin XCConfigurationList section */
		709D31691A6A399400892038 /* Build configuration list for PBXProject "Authentic Horoscope" */ = {
			isa = XCConfigurationList;
			buildConfigurations = (
				709D318F1A6A399400892038 /* Debug */,
				709D31901A6A399400892038 /* Release */,
			);
			defaultConfigurationIsVisible = 0;
			defaultConfigurationName = Release;
		};
		709D31911A6A399500892038 /* Build configuration list for PBXNativeTarget "Authentic Horoscope" */ = {
			isa = XCConfigurationList;
			buildConfigurations = (
				709D31921A6A399500892038 /* Debug */,
				709D31931A6A399500892038 /* Release */,
			);
			defaultConfigurationIsVisible = 0;
			defaultConfigurationName = Release;
		};
		709D31941A6A399500892038 /* Build configuration list for PBXNativeTarget "Authentic HoroscopeTests" */ = {
			isa = XCConfigurationList;
			buildConfigurations = (
				709D31951A6A399500892038 /* Debug */,
				709D31961A6A399500892038 /* Release */,
			);
			defaultConfigurationIsVisible = 0;
			defaultConfigurationName = Release;
		};
/* End XCConfigurationList section */
	};
	rootObject = 709D31661A6A399400892038 /* Project object */;
}
